
Microsoft Visual Studio Solution File, Format Version 12.00
# Visual Studio 15
VisualStudioVersion = 15.0.27004.2002
MinimumVisualStudioVersion = 10.0.40219.1
Project("{FAE04EC0-301F-11D3-BF4B-00C04F79EFBC}") = "GanerateCarte", "GanerateCarte\GanerateCarte.csproj", "{C6B45199-909C-47A5-BFDC-ECC7E3B1355B}"
EndProject
Global
	GlobalSection(SolutionConfigurationPlatforms) = preSolution
		Debug|Any CPU = Debug|Any CPU
		Release|Any CPU = Release|Any CPU
	EndGlobalSection
	GlobalSection(ProjectConfigurationPlatforms) = postSolution
		{C6B45199-909C-47A5-BFDC-ECC7E3B1355B}.Debug|Any CPU.ActiveCfg = Debug|Any CPU
		{C6B45199-909C-47A5-BFDC-ECC7E3B1355B}.Debug|Any CPU.Build.0 = Debug|Any CPU
		{C6B45199-909C-47A5-BFDC-ECC7E3B1355B}.Release|Any CPU.ActiveCfg = Release|Any CPU
		{C6B45199-909C-47A5-BFDC-ECC7E3B1355B}.Release|Any CPU.Build.0 = Release|Any CPU
	EndGlobalSection
	GlobalSection(SolutionProperties) = preSolution
		HideSolutionNode = FALSE
	EndGlobalSection
	GlobalSection(ExtensibilityGlobals) = postSolution
		SolutionGuid = {CFA2FA35-E36C-4E54-9069-2BC243F94AE9}
	EndGlobalSection
EndGlobal
